{
  "name": "compiler",
  "version": "1.0.0",
  "lockfileVersion": 1,
  "requires": true,
  "dependencies": {
    "deep-is": {
      "version": "0.1.3",
      "resolved": "http://npm.u51-inc.com/deep-is/download/deep-is-0.1.3.tgz",
      "integrity": "sha1-s2nW+128E+7PUk+RsHD+7cNXzzQ=",
      "dev": true
    },
    "escodegen": {
      "version": "1.14.1",
      "resolved": "http://npm.u51-inc.com/escodegen/download/escodegen-1.14.1.tgz",
      "integrity": "sha1-ugHQyCeLXpWppFNQFCAmZZAnpFc=",
      "dev": true,
      "requires": {
        "esprima": "^4.0.1",
        "estraverse": "^4.2.0",
        "esutils": "^2.0.2",
        "optionator": "^0.8.1",
        "source-map": "~0.6.1"
      },
      "dependencies": {
        "estraverse": {
          "version": "4.3.0",
          "resolved": "http://npm.u51-inc.com/estraverse/download/estraverse-4.3.0.tgz",
          "integrity": "sha1-OYrT88WiSUi+dyXoPRGn3ijNvR0=",
          "dev": true
        }
      }
    },
    "esprima": {
      "version": "4.0.1",
      "resolved": "http://npm.u51-inc.com/esprima/download/esprima-4.0.1.tgz",
      "integrity": "sha1-E7BM2z5sXRnfkatph6hpVhmwqnE=",
      "dev": true
    },
    "estraverse": {
      "version": "5.1.0",
      "resolved": "http://npm.u51-inc.com/estraverse/download/estraverse-5.1.0.tgz",
      "integrity": "sha1-N0MJ05/ZNa5QDnuS6Ka0xyDllkI=",
      "dev": true
    },
    "esutils": {
      "version": "2.0.3",
      "resolved": "http://npm.u51-inc.com/esutils/download/esutils-2.0.3.tgz",
      "integrity": "sha1-dNLrTeC42hKTcRkQ1Qd1ubcQ72Q=",
      "dev": true
    },
    "fast-levenshtein": {
      "version": "2.0.6",
      "resolved": "http://npm.u51-inc.com/fast-levenshtein/download/fast-levenshtein-2.0.6.tgz",
      "integrity": "sha1-PYpcZog6FqMMqGQ+hR8Zuqd5eRc=",
      "dev": true
    },
    "levn": {
      "version": "0.3.0",
      "resolved": "http://npm.u51-inc.com/levn/download/levn-0.3.0.tgz",
      "integrity": "sha1-OwmSTt+fCDwEkP3UwLxEIeBHZO4=",
      "dev": true,
      "requires": {
        "prelude-ls": "~1.1.2",
        "type-check": "~0.3.2"
      }
    },
    "optionator": {
      "version": "0.8.3",
      "resolved": "http://npm.u51-inc.com/optionator/download/optionator-0.8.3.tgz",
      "integrity": "sha1-hPodA2/p08fiHZmIS2ARZ+yPtJU=",
      "dev": true,
      "requires": {
        "deep-is": "~0.1.3",
        "fast-levenshtein": "~2.0.6",
        "levn": "~0.3.0",
        "prelude-ls": "~1.1.2",
        "type-check": "~0.3.2",
        "word-wrap": "~1.2.3"
      }
    },
    "prelude-ls": {
      "version": "1.1.2",
      "resolved": "http://npm.u51-inc.com/prelude-ls/download/prelude-ls-1.1.2.tgz",
      "integrity": "sha1-IZMqVJ9eUv/ZqCf1cOBL5iqX2lQ=",
      "dev": true
    },
    "source-map": {
      "version": "0.6.1",
      "resolved": "http://npm.u51-inc.com/source-map/download/source-map-0.6.1.tgz",
      "integrity": "sha1-dHIq8y6WFOnCh6jQu95IteLxomM=",
      "dev": true,
      "optional": true
    },
    "type-check": {
      "version": "0.3.2",
      "resolved": "http://npm.u51-inc.com/type-check/download/type-check-0.3.2.tgz",
      "integrity": "sha1-WITKtRLPHTVeP7eE8wgEsrUg23I=",
      "dev": true,
      "requires": {
        "prelude-ls": "~1.1.2"
      }
    },
    "word-wrap": {
      "version": "1.2.3",
      "resolved": "http://npm.u51-inc.com/word-wrap/download/word-wrap-1.2.3.tgz",
      "integrity": "sha1-YQY29rH3A4kb00dxzLF/uTtHB5w=",
      "dev": true
    }
  }
}
